// !$*UTF8*$!
{
	archiveVersion = 1;
	classes = {
	};
	objectVersion = 55;
	objects = {

/* Begin PBXBuildFile section */
		069EB8682898985D000FBA41 /* CompleteToDoViewController.swift in Sources */ = {isa = PBXBuildFile; fileRef = 069EB8672898985D000FBA41 /* CompleteToDoViewController.swift */; };
		06B3407C28987B22000CDF6F /* AppDelegate.swift in Sources */ = {isa = PBXBuildFile; fileRef = 06B3407B28987B22000CDF6F /* AppDelegate.swift */; };
		06B3407E28987B22000CDF6F /* SceneDelegate.swift in Sources */ = {isa = PBXBuildFile; fileRef = 06B3407D28987B22000CDF6F /* SceneDelegate.swift */; };
		06B3408028987B22000CDF6F /* ViewController.swift in Sources */ = {isa = PBXBuildFile; fileRef = 06B3407F28987B22000CDF6F /* ViewController.swift */; };
		06B3408328987B22000CDF6F /* Main.storyboard in Resources */ = {isa = PBXBuildFile; fileRef = 06B3408128987B22000CDF6F /* Main.storyboard */; };
		06B3408628987B22000CDF6F /* ToDoList.xcdatamodeld in Sources */ = {isa = PBXBuildFile; fileRef = 06B3408428987B22000CDF6F /* ToDoList.xcdatamodeld */; };
		06B3408828987B27000CDF6F /* Assets.xcassets in Resources */ = {isa = PBXBuildFile; fileRef = 06B3408728987B27000CDF6F /* Assets.xcassets */; };
		06B3408B28987B27000CDF6F /* LaunchScreen.storyboard in Resources */ = {isa = PBXBuildFile; fileRef = 06B3408928987B27000CDF6F /* LaunchScreen.storyboard */; };
		06B3409628987B27000CDF6F /* ToDoListTests.swift in Sources */ = {isa = PBXBuildFile; fileRef = 06B3409528987B27000CDF6F /* ToDoListTests.swift */; };
		06B340A028987B27000CDF6F /* ToDoListUITests.swift in Sources */ = {isa = PBXBuildFile; fileRef = 06B3409F28987B27000CDF6F /* ToDoListUITests.swift */; };
		06B340A228987B27000CDF6F /* ToDoListUITestsLaunchTests.swift in Sources */ = {isa = PBXBuildFile; fileRef = 06B340A128987B27000CDF6F /* ToDoListUITestsLaunchTests.swift */; };
		06B340AF28987D4B000CDF6F /* ToDoTableViewController.swift in Sources */ = {isa = PBXBuildFile; fileRef = 06B340AE28987D4B000CDF6F /* ToDoTableViewController.swift */; };
		06B340B128987E32000CDF6F /* ToDo.swift in Sources */ = {isa = PBXBuildFile; fileRef = 06B340B028987E31000CDF6F /* ToDo.swift */; };
		06B340B328988DE3000CDF6F /* AdToDoViewController.swift in Sources */ = {isa = PBXBuildFile; fileRef = 06B340B228988DE2000CDF6F /* AdToDoViewController.swift */; };
/* End PBXBuildFile section */

/* Begin PBXContainerItemProxy section */
		06B3409228987B27000CDF6F /* PBXContainerItemProxy */ = {
			isa = PBXContainerItemProxy;
			containerPortal = 06B3407028987B21000CDF6F /* Project object */;
			proxyType = 1;
			remoteGlobalIDString = 06B3407728987B22000CDF6F;
			remoteInfo = ToDoList;
		};
		06B3409C28987B27000CDF6F /* PBXContainerItemProxy */ = {
			isa = PBXContainerItemProxy;
			containerPortal = 06B3407028987B21000CDF6F /* Project object */;
			proxyType = 1;
			remoteGlobalIDString = 06B3407728987B22000CDF6F;
			remoteInfo = ToDoList;
		};
/* End PBXContainerItemProxy section */

/* Begin PBXFileReference section */
		069EB8672898985D000FBA41 /* CompleteToDoViewController.swift */ = {isa = PBXFileReference; lastKnownFileType = sourcecode.swift; path = CompleteToDoViewController.swift; sourceTree = "<group>"; };
		06B3407828987B22000CDF6F /* ToDoList.app */ = {isa = PBXFileReference; explicitFileType = wrapper.application; includeInIndex = 0; path = ToDoList.app; sourceTree = BUILT_PRODUCTS_DIR; };
		06B3407B28987B22000CDF6F /* AppDelegate.swift */ = {isa = PBXFileReference; lastKnownFileType = sourcecode.swift; path = AppDelegate.swift; sourceTree = "<group>"; };
		06B3407D28987B22000CDF6F /* SceneDelegate.swift */ = {isa = PBXFileReference; lastKnownFileType = sourcecode.swift; path = SceneDelegate.swift; sourceTree = "<group>"; };
		06B3407F28987B22000CDF6F /* ViewController.swift */ = {isa = PBXFileReference; lastKnownFileType = sourcecode.swift; path = ViewController.swift; sourceTree = "<group>"; };
		06B3408228987B22000CDF6F /* Base */ = {isa = PBXFileReference; lastKnownFileType = file.storyboard; name = Base; path = Base.lproj/Main.storyboard; sourceTree = "<group>"; };
		06B3408528987B22000CDF6F /* ToDoList.xcdatamodel */ = {isa = PBXFileReference; lastKnownFileType = wrapper.xcdatamodel; path = ToDoList.xcdatamodel; sourceTree = "<group>"; };
		06B3408728987B27000CDF6F /* Assets.xcassets */ = {isa = PBXFileReference; lastKnownFileType = folder.assetcatalog; path = Assets.xcassets; sourceTree = "<group>"; };
		06B3408A28987B27000CDF6F /* Base */ = {isa = PBXFileReference; lastKnownFileType = file.storyboard; name = Base; path = Base.lproj/LaunchScreen.storyboard; sourceTree = "<group>"; };
		06B3408C28987B27000CDF6F /* Info.plist */ = {isa = PBXFileReference; lastKnownFileType = text.plist.xml; path = Info.plist; sourceTree = "<group>"; };
		06B3409128987B27000CDF6F /* ToDoListTests.xctest */ = {isa = PBXFileReference; explicitFileType = wrapper.cfbundle; includeInIndex = 0; path = ToDoListTests.xctest; sourceTree = BUILT_PRODUCTS_DIR; };
		06B3409528987B27000CDF6F /* ToDoListTests.swift */ = {isa = PBXFileReference; lastKnownFileType = sourcecode.swift; path = ToDoListTests.swift; sourceTree = "<group>"; };
		06B3409B28987B27000CDF6F /* ToDoListUITests.xctest */ = {isa = PBXFileReference; explicitFileType = wrapper.cfbundle; includeInIndex = 0; path = ToDoListUITests.xctest; sourceTree = BUILT_PRODUCTS_DIR; };
		06B3409F28987B27000CDF6F /* ToDoListUITests.swift */ = {isa = PBXFileReference; lastKnownFileType = sourcecode.swift; path = ToDoListUITests.swift; sourceTree = "<group>"; };
		06B340A128987B27000CDF6F /* ToDoListUITestsLaunchTests.swift */ = {isa = PBXFileReference; lastKnownFileType = sourcecode.swift; path = ToDoListUITestsLaunchTests.swift; sourceTree = "<group>"; };
		06B340AE28987D4B000CDF6F /* ToDoTableViewController.swift */ = {isa = PBXFileReference; lastKnownFileType = sourcecode.swift; path = ToDoTableViewController.swift; sourceTree = "<group>"; };
		06B340B028987E31000CDF6F /* ToDo.swift */ = {isa = PBXFileReference; lastKnownFileType = sourcecode.swift; path = ToDo.swift; sourceTree = "<group>"; };
		06B340B228988DE2000CDF6F /* AdToDoViewController.swift */ = {isa = PBXFileReference; lastKnownFileType = sourcecode.swift; path = AdToDoViewController.swift; sourceTree = "<group>"; };
/* End PBXFileReference section */

/* Begin PBXFrameworksBuildPhase section */
		06B3407528987B22000CDF6F /* Frameworks */ = {
			isa = PBXFrameworksBuildPhase;
			buildActionMask = 2147483647;
			files = (
			);
			runOnlyForDeploymentPostprocessing = 0;
		};
		06B3408E28987B27000CDF6F /* Frameworks */ = {
			isa = PBXFrameworksBuildPhase;
			buildActionMask = 2147483647;
			files = (
			);
			runOnlyForDeploymentPostprocessing = 0;
		};
		06B3409828987B27000CDF6F /* Frameworks */ = {
			isa = PBXFrameworksBuildPhase;
			buildActionMask = 2147483647;
			files = (
			);
			runOnlyForDeploymentPostprocessing = 0;
		};
/* End PBXFrameworksBuildPhase section */

/* Begin PBXGroup section */
		06B3406F28987B21000CDF6F = {
			isa = PBXGroup;
			children = (
				06B3407A28987B22000CDF6F /* ToDoList */,
				06B3409428987B27000CDF6F /* ToDoListTests */,
				06B3409E28987B27000CDF6F /* ToDoListUITests */,
				06B3407928987B22000CDF6F /* Products */,
			);
			sourceTree = "<group>";
		};
		06B3407928987B22000CDF6F /* Products */ = {
			isa = PBXGroup;
			children = (
				06B3407828987B22000CDF6F /* ToDoList.app */,
				06B3409128987B27000CDF6F /* ToDoListTests.xctest */,
				06B3409B28987B27000CDF6F /* ToDoListUITests.xctest */,
			);
			name = Products;
			sourceTree = "<group>";
		};
		06B3407A28987B22000CDF6F /* ToDoList */ = {
			isa = PBXGroup;
			children = (
				06B3407B28987B22000CDF6F /* AppDelegate.swift */,
				06B3407D28987B22000CDF6F /* SceneDelegate.swift */,
				06B3407F28987B22000CDF6F /* ViewController.swift */,
				06B3408128987B22000CDF6F /* Main.storyboard */,
				06B3408728987B27000CDF6F /* Assets.xcassets */,
				06B3408928987B27000CDF6F /* LaunchScreen.storyboard */,
				06B3408C28987B27000CDF6F /* Info.plist */,
				06B3408428987B22000CDF6F /* ToDoList.xcdatamodeld */,
				06B340AE28987D4B000CDF6F /* ToDoTableViewController.swift */,
				06B340B028987E31000CDF6F /* ToDo.swift */,
				06B340B228988DE2000CDF6F /* AdToDoViewController.swift */,
				069EB8672898985D000FBA41 /* CompleteToDoViewController.swift */,
			);
			path = ToDoList;
			sourceTree = "<group>";
		};
		06B3409428987B27000CDF6F /* ToDoListTests */ = {
			isa = PBXGroup;
			children = (
				06B3409528987B27000CDF6F /* ToDoListTests.swift */,
			);
			path = ToDoListTests;
			sourceTree = "<group>";
		};
		06B3409E28987B27000CDF6F /* ToDoListUITests */ = {
			isa = PBXGroup;
			children = (
				06B3409F28987B27000CDF6F /* ToDoListUITests.swift */,
				06B340A128987B27000CDF6F /* ToDoListUITestsLaunchTests.swift */,
			);
			path = ToDoListUITests;
			sourceTree = "<group>";
		};
/* End PBXGroup section */

/* Begin PBXNativeTarget section */
		06B3407728987B22000CDF6F /* ToDoList */ = {
			isa = PBXNativeTarget;
			buildConfigurationList = 06B340A528987B27000CDF6F /* Build configuration list for PBXNativeTarget "ToDoList" */;
			buildPhases = (
				06B3407428987B22000CDF6F /* Sources */,
				06B3407528987B22000CDF6F /* Frameworks */,
				06B3407628987B22000CDF6F /* Resources */,
			);
			buildRules = (
			);
			dependencies = (
			);
			name = ToDoList;
			productName = ToDoList;
			productReference = 06B3407828987B22000CDF6F /* ToDoList.app */;
			productType = "com.apple.product-type.application";
		};
		06B3409028987B27000CDF6F /* ToDoListTests */ = {
			isa = PBXNativeTarget;
			buildConfigurationList = 06B340A828987B27000CDF6F /* Build configuration list for PBXNativeTarget "ToDoListTests" */;
			buildPhases = (
				06B3408D28987B27000CDF6F /* Sources */,
				06B3408E28987B27000CDF6F /* Frameworks */,
				06B3408F28987B27000CDF6F /* Resources */,
			);
			buildRules = (
			);
			dependencies = (
				06B3409328987B27000CDF6F /* PBXTargetDependency */,
			);
			name = ToDoListTests;
			productName = ToDoListTests;
			productReference = 06B3409128987B27000CDF6F /* ToDoListTests.xctest */;
			productType = "com.apple.product-type.bundle.unit-test";
		};
		06B3409A28987B27000CDF6F /* ToDoListUITests */ = {
			isa = PBXNativeTarget;
			buildConfigurationList = 06B340AB28987B27000CDF6F /* Build configuration list for PBXNativeTarget "ToDoListUITests" */;
			buildPhases = (
				06B3409728987B27000CDF6F /* Sources */,
				06B3409828987B27000CDF6F /* Frameworks */,
				06B3409928987B27000CDF6F /* Resources */,
			);
			buildRules = (
			);
			dependencies = (
				06B3409D28987B27000CDF6F /* PBXTargetDependency */,
			);
			name = ToDoListUITests;
			productName = ToDoListUITests;
			productReference = 06B3409B28987B27000CDF6F /* ToDoListUITests.xctest */;
			productType = "com.apple.product-type.bundle.ui-testing";
		};
/* End PBXNativeTarget section */

/* Begin PBXProject section */
		06B3407028987B21000CDF6F /* Project object */ = {
			isa = PBXProject;
			attributes = {
				BuildIndependentTargetsInParallel = 1;
				LastSwiftUpdateCheck = 1320;
				LastUpgradeCheck = 1320;
				TargetAttributes = {
					06B3407728987B22000CDF6F = {
						CreatedOnToolsVersion = 13.2.1;
					};
					06B3409028987B27000CDF6F = {
						CreatedOnToolsVersion = 13.2.1;
						TestTargetID = 06B3407728987B22000CDF6F;
					};
					06B3409A28987B27000CDF6F = {
						CreatedOnToolsVersion = 13.2.1;
						TestTargetID = 06B3407728987B22000CDF6F;
					};
				};
			};
			buildConfigurationList = 06B3407328987B21000CDF6F /* Build configuration list for PBXProject "ToDoList" */;
			compatibilityVersion = "Xcode 13.0";
			developmentRegion = en;
			hasScannedForEncodings = 0;
			knownRegions = (
				en,
				Base,
			);
			mainGroup = 06B3406F28987B21000CDF6F;
			productRefGroup = 06B3407928987B22000CDF6F /* Products */;
			projectDirPath = "";
			projectRoot = "";
			targets = (
				06B3407728987B22000CDF6F /* ToDoList */,
				06B3409028987B27000CDF6F /* ToDoListTests */,
				06B3409A28987B27000CDF6F /* ToDoListUITests */,
			);
		};
/* End PBXProject section */

/* Begin PBXResourcesBuildPhase section */
		06B3407628987B22000CDF6F /* Resources */ = {
			isa = PBXResourcesBuildPhase;
			buildActionMask = 2147483647;
			files = (
				06B3408B28987B27000CDF6F /* LaunchScreen.storyboard in Resources */,
				06B3408828987B27000CDF6F /* Assets.xcassets in Resources */,
				06B3408328987B22000CDF6F /* Main.storyboard in Resources */,
			);
			runOnlyForDeploymentPostprocessing = 0;
		};
		06B3408F28987B27000CDF6F /* Resources */ = {
			isa = PBXResourcesBuildPhase;
			buildActionMask = 2147483647;
			files = (
			);
			runOnlyForDeploymentPostprocessing = 0;
		};
		06B3409928987B27000CDF6F /* Resources */ = {
			isa = PBXResourcesBuildPhase;
			buildActionMask = 2147483647;
			files = (
			);
			runOnlyForDeploymentPostprocessing = 0;
		};
/* End PBXResourcesBuildPhase section */

/* Begin PBXSourcesBuildPhase section */
		06B3407428987B22000CDF6F /* Sources */ = {
			isa = PBXSourcesBuildPhase;
			buildActionMask = 2147483647;
			files = (
				06B340B328988DE3000CDF6F /* AdToDoViewController.swift in Sources */,
				06B3408028987B22000CDF6F /* ViewController.swift in Sources */,
				069EB8682898985D000FBA41 /* CompleteToDoViewController.swift in Sources */,
				06B3407C28987B22000CDF6F /* AppDelegate.swift in Sources */,
				06B3407E28987B22000CDF6F /* SceneDelegate.swift in Sources */,
				06B340B128987E32000CDF6F /* ToDo.swift in Sources */,
				06B3408628987B22000CDF6F /* ToDoList.xcdatamodeld in Sources */,
				06B340AF28987D4B000CDF6F /* ToDoTableViewController.swift in Sources */,
			);
			runOnlyForDeploymentPostprocessing = 0;
		};
		06B3408D28987B27000CDF6F /* Sources */ = {
			isa = PBXSourcesBuildPhase;
			buildActionMask = 2147483647;
			files = (
				06B3409628987B27000CDF6F /* ToDoListTests.swift in Sources */,
			);
			runOnlyForDeploymentPostprocessing = 0;
		};
		06B3409728987B27000CDF6F /* Sources */ = {
			isa = PBXSourcesBuildPhase;
			buildActionMask = 2147483647;
			files = (
				06B340A228987B27000CDF6F /* ToDoListUITestsLaunchTests.swift in Sources */,
				06B340A028987B27000CDF6F /* ToDoListUITests.swift in Sources */,
			);
			runOnlyForDeploymentPostprocessing = 0;
		};
/* End PBXSourcesBuildPhase section */

/* Begin PBXTargetDependency section */
		06B3409328987B27000CDF6F /* PBXTargetDependency */ = {
			isa = PBXTargetDependency;
			target = 06B3407728987B22000CDF6F /* ToDoList */;
			targetProxy = 06B3409228987B27000CDF6F /* PBXContainerItemProxy */;
		};
		06B3409D28987B27000CDF6F /* PBXTargetDependency */ = {
			isa = PBXTargetDependency;
			target = 06B3407728987B22000CDF6F /* ToDoList */;
			targetProxy = 06B3409C28987B27000CDF6F /* PBXContainerItemProxy */;
		};
/* End PBXTargetDependency section */

/* Begin PBXVariantGroup section */
		06B3408128987B22000CDF6F /* Main.storyboard */ = {
			isa = PBXVariantGroup;
			children = (
				06B3408228987B22000CDF6F /* Base */,
			);
			name = Main.storyboard;
			sourceTree = "<group>";
		};
		06B3408928987B27000CDF6F /* LaunchScreen.storyboard */ = {
			isa = PBXVariantGroup;
			children = (
				06B3408A28987B27000CDF6F /* Base */,
			);
			name = LaunchScreen.storyboard;
			sourceTree = "<group>";
		};
/* End PBXVariantGroup section */

/* Begin XCBuildConfiguration section */
		06B340A328987B27000CDF6F /* Debug */ = {
			isa = XCBuildConfiguration;
			buildSettings = {
				ALWAYS_SEARCH_USER_PATHS = NO;
				CLANG_ANALYZER_NONNULL = YES;
				CLANG_ANALYZER_NUMBER_OBJECT_CONVERSION = YES_AGGRESSIVE;
				CLANG_CXX_LANGUAGE_STANDARD = "gnu++17";
				CLANG_CXX_LIBRARY = "libc++";
				CLANG_ENABLE_MODULES = YES;
				CLANG_ENABLE_OBJC_ARC = YES;
				CLANG_ENABLE_OBJC_WEAK = YES;
				CLANG_WARN_BLOCK_CAPTURE_AUTORELEASING = YES;
				CLANG_WARN_BOOL_CONVERSION = YES;
				CLANG_WARN_COMMA = YES;
				CLANG_WARN_CONSTANT_CONVERSION = YES;
				CLANG_WARN_DEPRECATED_OBJC_IMPLEMENTATIONS = YES;
				CLANG_WARN_DIRECT_OBJC_ISA_USAGE = YES_ERROR;
				CLANG_WARN_DOCUMENTATION_COMMENTS = YES;
				CLANG_WARN_EMPTY_BODY = YES;
				CLANG_WARN_ENUM_CONVERSION = YES;
				CLANG_WARN_INFINITE_RECURSION = YES;
				CLANG_WARN_INT_CONVERSION = YES;
				CLANG_WARN_NON_LITERAL_NULL_CONVERSION = YES;
				CLANG_WARN_OBJC_IMPLICIT_RETAIN_SELF = YES;
				CLANG_WARN_OBJC_LITERAL_CONVERSION = YES;
				CLANG_WARN_OBJC_ROOT_CLASS = YES_ERROR;
				CLANG_WARN_QUOTED_INCLUDE_IN_FRAMEWORK_HEADER = YES;
				CLANG_WARN_RANGE_LOOP_ANALYSIS = YES;
				CLANG_WARN_STRICT_PROTOTYPES = YES;
				CLANG_WARN_SUSPICIOUS_MOVE = YES;
				CLANG_WARN_UNGUARDED_AVAILABILITY = YES_AGGRESSIVE;
				CLANG_WARN_UNREACHABLE_CODE = YES;
				CLANG_WARN__DUPLICATE_METHOD_MATCH = YES;
				COPY_PHASE_STRIP = NO;
				DEBUG_INFORMATION_FORMAT = dwarf;
				ENABLE_STRICT_OBJC_MSGSEND = YES;
				ENABLE_TESTABILITY = YES;
				GCC_C_LANGUAGE_STANDARD = gnu11;
				GCC_DYNAMIC_NO_PIC = NO;
				GCC_NO_COMMON_BLOCKS = YES;
				GCC_OPTIMIZATION_LEVEL = 0;
				GCC_PREPROCESSOR_DEFINITIONS = (
					"DEBUG=1",
					"$(inherited)",
				);
				GCC_WARN_64_TO_32_BIT_CONVERSION = YES;
				GCC_WARN_ABOUT_RETURN_TYPE = YES_ERROR;
				GCC_WARN_UNDECLARED_SELECTOR = YES;
				GCC_WARN_UNINITIALIZED_AUTOS = YES_AGGRESSIVE;
				GCC_WARN_UNUSED_FUNCTION = YES;
				GCC_WARN_UNUSED_VARIABLE = YES;
				IPHONEOS_DEPLOYMENT_TARGET = 15.2;
				MTL_ENABLE_DEBUG_INFO = INCLUDE_SOURCE;
				MTL_FAST_MATH = YES;
				ONLY_ACTIVE_ARCH = YES;
				SDKROOT = iphoneos;
				SWIFT_ACTIVE_COMPILATION_CONDITIONS = DEBUG;
				SWIFT_OPTIMIZATION_LEVEL = "-Onone";
			};
			name = Debug;
		};
		06B340A428987B27000CDF6F /* Release */ = {
			isa = XCBuildConfiguration;
			buildSettings = {
				ALWAYS_SEARCH_USER_PATHS = NO;
				CLANG_ANALYZER_NONNULL = YES;
				CLANG_ANALYZER_NUMBER_OBJECT_CONVERSION = YES_AGGRESSIVE;
				CLANG_CXX_LANGUAGE_STANDARD = "gnu++17";
				CLANG_CXX_LIBRARY = "libc++";
				CLANG_ENABLE_MODULES = YES;
				CLANG_ENABLE_OBJC_ARC = YES;
				CLANG_ENABLE_OBJC_WEAK = YES;
				CLANG_WARN_BLOCK_CAPTURE_AUTORELEASING = YES;
				CLANG_WARN_BOOL_CONVERSION = YES;
				CLANG_WARN_COMMA = YES;
				CLANG_WARN_CONSTANT_CONVERSION = YES;
				CLANG_WARN_DEPRECATED_OBJC_IMPLEMENTATIONS = YES;
				CLANG_WARN_DIRECT_OBJC_ISA_USAGE = YES_ERROR;
				CLANG_WARN_DOCUMENTATION_COMMENTS = YES;
				CLANG_WARN_EMPTY_BODY = YES;
				CLANG_WARN_ENUM_CONVERSION = YES;
				CLANG_WARN_INFINITE_RECURSION = YES;
				CLANG_WARN_INT_CONVERSION = YES;
				CLANG_WARN_NON_LITERAL_NULL_CONVERSION = YES;
				CLANG_WARN_OBJC_IMPLICIT_RETAIN_SELF = YES;
				CLANG_WARN_OBJC_LITERAL_CONVERSION = YES;
				CLANG_WARN_OBJC_ROOT_CLASS = YES_ERROR;
				CLANG_WARN_QUOTED_INCLUDE_IN_FRAMEWORK_HEADER = YES;
				CLANG_WARN_RANGE_LOOP_ANALYSIS = YES;
				CLANG_WARN_STRICT_PROTOTYPES = YES;
				CLANG_WARN_SUSPICIOUS_MOVE = YES;
				CLANG_WARN_UNGUARDED_AVAILABILITY = YES_AGGRESSIVE;
				CLANG_WARN_UNREACHABLE_CODE = YES;
				CLANG_WARN__DUPLICATE_METHOD_MATCH = YES;
				COPY_PHASE_STRIP = NO;
				DEBUG_INFORMATION_FORMAT = "dwarf-with-dsym";
				ENABLE_NS_ASSERTIONS = NO;
				ENABLE_STRICT_OBJC_MSGSEND = YES;
				GCC_C_LANGUAGE_STANDARD = gnu11;
				GCC_NO_COMMON_BLOCKS = YES;
				GCC_WARN_64_TO_32_BIT_CONVERSION = YES;
				GCC_WARN_ABOUT_RETURN_TYPE = YES_ERROR;
				GCC_WARN_UNDECLARED_SELECTOR = YES;
				GCC_WARN_UNINITIALIZED_AUTOS = YES_AGGRESSIVE;
				GCC_WARN_UNUSED_FUNCTION = YES;
				GCC_WARN_UNUSED_VARIABLE = YES;
				IPHONEOS_DEPLOYMENT_TARGET = 15.2;
				MTL_ENABLE_DEBUG_INFO = NO;
				MTL_FAST_MATH = YES;
				SDKROOT = iphoneos;
				SWIFT_COMPILATION_MODE = wholemodule;
				SWIFT_OPTIMIZATION_LEVEL = "-O";
				VALIDATE_PRODUCT = YES;
			};
			name = Release;
		};
		06B340A628987B27000CDF6F /* Debug */ = {
			isa = XCBuildConfiguration;
			buildSettings = {
				ASSETCATALOG_COMPILER_APPICON_NAME = AppIcon;
				ASSETCATALOG_COMPILER_GLOBAL_ACCENT_COLOR_NAME = AccentColor;
				CODE_SIGN_STYLE = Automatic;
				CURRENT_PROJECT_VERSION = 1;
				GENERATE_INFOPLIST_FILE = YES;
				INFOPLIST_FILE = ToDoList/Info.plist;
				INFOPLIST_KEY_UIApplicationSupportsIndirectInputEvents = YES;
				INFOPLIST_KEY_UILaunchStoryboardName = LaunchScreen;
				INFOPLIST_KEY_UIMainStoryboardFile = Main;
				INFOPLIST_KEY_UISupportedInterfaceOrientations_iPad = "UIInterfaceOrientationPortrait UIInterfaceOrientationPortraitUpsideDown UIInterfaceOrientationLandscapeLeft UIInterfaceOrientationLandscapeRight";
				INFOPLIST_KEY_UISupportedInterfaceOrientations_iPhone = "UIInterfaceOrientationPortrait UIInterfaceOrientationLandscapeLeft UIInterfaceOrientationLandscapeRight";
				LD_RUNPATH_SEARCH_PATHS = (
					"$(inherited)",
					"@executable_path/Frameworks",
				);
				MARKETING_VERSION = 1.0;
				PRODUCT_BUNDLE_IDENTIFIER = KWK.ToDoList;
				PRODUCT_NAME = "$(TARGET_NAME)";
				SWIFT_EMIT_LOC_STRINGS = YES;
				SWIFT_VERSION = 5.0;
				TARGETED_DEVICE_FAMILY = "1,2";
			};
			name = Debug;
		};
		06B340A728987B27000CDF6F /* Release */ = {
			isa = XCBuildConfiguration;
			buildSettings = {
				ASSETCATALOG_COMPILER_APPICON_NAME = AppIcon;
				ASSETCATALOG_COMPILER_GLOBAL_ACCENT_COLOR_NAME = AccentColor;
				CODE_SIGN_STYLE = Automatic;
				CURRENT_PROJECT_VERSION = 1;
				GENERATE_INFOPLIST_FILE = YES;
				INFOPLIST_FILE = ToDoList/Info.plist;
				INFOPLIST_KEY_UIApplicationSupportsIndirectInputEvents = YES;
				INFOPLIST_KEY_UILaunchStoryboardName = LaunchScreen;
				INFOPLIST_KEY_UIMainStoryboardFile = Main;
				INFOPLIST_KEY_UISupportedInterfaceOrientations_iPad = "UIInterfaceOrientationPortrait UIInterfaceOrientationPortraitUpsideDown UIInterfaceOrientationLandscapeLeft UIInterfaceOrientationLandscapeRight";
				INFOPLIST_KEY_UISupportedInterfaceOrientations_iPhone = "UIInterfaceOrientationPortrait UIInterfaceOrientationLandscapeLeft UIInterfaceOrientationLandscapeRight";
				LD_RUNPATH_SEARCH_PATHS = (
					"$(inherited)",
					"@executable_path/Frameworks",
				);
				MARKETING_VERSION = 1.0;
				PRODUCT_BUNDLE_IDENTIFIER = KWK.ToDoList;
				PRODUCT_NAME = "$(TARGET_NAME)";
				SWIFT_EMIT_LOC_STRINGS = YES;
				SWIFT_VERSION = 5.0;
				TARGETED_DEVICE_FAMILY = "1,2";
			};
			name = Release;
		};
		06B340A928987B27000CDF6F /* Debug */ = {
			isa = XCBuildConfiguration;
			buildSettings = {
				ALWAYS_EMBED_SWIFT_STANDARD_LIBRARIES = YES;
				BUNDLE_LOADER = "$(TEST_HOST)";
				CODE_SIGN_STYLE = Automatic;
				CURRENT_PROJECT_VERSION = 1;
				GENERATE_INFOPLIST_FILE = YES;
				IPHONEOS_DEPLOYMENT_TARGET = 15.2;
				MARKETING_VERSION = 1.0;
				PRODUCT_BUNDLE_IDENTIFIER = KWK.ToDoListTests;
				PRODUCT_NAME = "$(TARGET_NAME)";
				SWIFT_EMIT_LOC_STRINGS = NO;
				SWIFT_VERSION = 5.0;
				TARGETED_DEVICE_FAMILY = "1,2";
				TEST_HOST = "$(BUILT_PRODUCTS_DIR)/ToDoList.app/ToDoList";
			};
			name = Debug;
		};
		06B340AA28987B27000CDF6F /* Release */ = {
			isa = XCBuildConfiguration;
			buildSettings = {
				ALWAYS_EMBED_SWIFT_STANDARD_LIBRARIES = YES;
				BUNDLE_LOADER = "$(TEST_HOST)";
				CODE_SIGN_STYLE = Automatic;
				CURRENT_PROJECT_VERSION = 1;
				GENERATE_INFOPLIST_FILE = YES;
				IPHONEOS_DEPLOYMENT_TARGET = 15.2;
				MARKETING_VERSION = 1.0;
				PRODUCT_BUNDLE_IDENTIFIER = KWK.ToDoListTests;
				PRODUCT_NAME = "$(TARGET_NAME)";
				SWIFT_EMIT_LOC_STRINGS = NO;
				SWIFT_VERSION = 5.0;
				TARGETED_DEVICE_FAMILY = "1,2";
				TEST_HOST = "$(BUILT_PRODUCTS_DIR)/ToDoList.app/ToDoList";
			};
			name = Release;
		};
		06B340AC28987B27000CDF6F /* Debug */ = {
			isa = XCBuildConfiguration;
			buildSettings = {
				ALWAYS_EMBED_SWIFT_STANDARD_LIBRARIES = YES;
				CODE_SIGN_STYLE = Automatic;
				CURRENT_PROJECT_VERSION = 1;
				GENERATE_INFOPLIST_FILE = YES;
				MARKETING_VERSION = 1.0;
				PRODUCT_BUNDLE_IDENTIFIER = KWK.ToDoListUITests;
				PRODUCT_NAME = "$(TARGET_NAME)";
				SWIFT_EMIT_LOC_STRINGS = NO;
				SWIFT_VERSION = 5.0;
				TARGETED_DEVICE_FAMILY = "1,2";
				TEST_TARGET_NAME = ToDoList;
			};
			name = Debug;
		};
		06B340AD28987B27000CDF6F /* Release */ = {
			isa = XCBuildConfiguration;
			buildSettings = {
				ALWAYS_EMBED_SWIFT_STANDARD_LIBRARIES = YES;
				CODE_SIGN_STYLE = Automatic;
				CURRENT_PROJECT_VERSION = 1;
				GENERATE_INFOPLIST_FILE = YES;
				MARKETING_VERSION = 1.0;
				PRODUCT_BUNDLE_IDENTIFIER = KWK.ToDoListUITests;
				PRODUCT_NAME = "$(TARGET_NAME)";
				SWIFT_EMIT_LOC_STRINGS = NO;
				SWIFT_VERSION = 5.0;
				TARGETED_DEVICE_FAMILY = "1,2";
				TEST_TARGET_NAME = ToDoList;
			};
			name = Release;
		};
/* End XCBuildConfiguration section */

/* Begin XCConfigurationList section */
		06B3407328987B21000CDF6F /* Build configuration list for PBXProject "ToDoList" */ = {
			isa = XCConfigurationList;
			buildConfigurations = (
				06B340A328987B27000CDF6F /* Debug */,
				06B340A428987B27000CDF6F /* Release */,
			);
			defaultConfigurationIsVisible = 0;
			defaultConfigurationName = Release;
		};
		06B340A528987B27000CDF6F /* Build configuration list for PBXNativeTarget "ToDoList" */ = {
			isa = XCConfigurationList;
			buildConfigurations = (
				06B340A628987B27000CDF6F /* Debug */,
				06B340A728987B27000CDF6F /* Release */,
			);
			defaultConfigurationIsVisible = 0;
			defaultConfigurationName = Release;
		};
		06B340A828987B27000CDF6F /* Build configuration list for PBXNativeTarget "ToDoListTests" */ = {
			isa = XCConfigurationList;
			buildConfigurations = (
				06B340A928987B27000CDF6F /* Debug */,
				06B340AA28987B27000CDF6F /* Release */,
			);
			defaultConfigurationIsVisible = 0;
			defaultConfigurationName = Release;
		};
		06B340AB28987B27000CDF6F /* Build configuration list for PBXNativeTarget "ToDoListUITests" */ = {
			isa = XCConfigurationList;
			buildConfigurations = (
				06B340AC28987B27000CDF6F /* Debug */,
				06B340AD28987B27000CDF6F /* Release */,
			);
			defaultConfigurationIsVisible = 0;
			defaultConfigurationName = Release;
		};
/* End XCConfigurationList section */

/* Begin XCVersionGroup section */
		06B3408428987B22000CDF6F /* ToDoList.xcdatamodeld */ = {
			isa = XCVersionGroup;
			children = (
				06B3408528987B22000CDF6F /* ToDoList.xcdatamodel */,
			);
			currentVersion = 06B3408528987B22000CDF6F /* ToDoList.xcdatamodel */;
			path = ToDoList.xcdatamodeld;
			sourceTree = "<group>";
			versionGroupType = wrapper.xcdatamodel;
		};
/* End XCVersionGroup section */
	};
	rootObject = 06B3407028987B21000CDF6F /* Project object */;
}
